{
  "name": "transfer",
  "lockfileVersion": 2,
  "requires": true,
  "packages": {
    "": {
      "dependencies": {
        "fortmatic": "^2.2.1",
        "web3": "^0.20.7"
      }
    },
    "node_modules/bignumber.js": {
      "version": "2.0.7",
      "resolved": "git+ssh://git@github.com/frozeman/bignumber.js-nolookahead.git#57692b3ecfc98bbdd6b3a516cb2353652ea49934",
      "license": "MIT",
      "engines": {
        "node": "*"
      }
    },
    "node_modules/cookiejar": {
      "version": "2.1.2",
      "resolved": "https://registry.npmjs.org/cookiejar/-/cookiejar-2.1.2.tgz",
      "integrity": "sha512-Mw+adcfzPxcPeI+0WlvRrr/3lGVO0bD75SxX6811cxSh1Wbxx7xZBGK1eVtDf6si8rg2lhnUjsVLMFMfbRIuwA=="
    },
    "node_modules/crypto-js": {
      "version": "3.3.0",
      "resolved": "https://registry.npmjs.org/crypto-js/-/crypto-js-3.3.0.tgz",
      "integrity": "sha512-DIT51nX0dCfKltpRiXV+/TVZq+Qq2NgF4644+K7Ttnla7zEzqc+kjJyiB96BHNyUTBxyjzRcZYpUdZa+QAqi6Q=="
    },
    "node_modules/fortmatic": {
      "version": "2.2.1",
      "resolved": "https://registry.npmjs.org/fortmatic/-/fortmatic-2.2.1.tgz",
      "integrity": "sha512-PEfPoErJSErU2A8iYD2Mab2c8eJK5dCdCr1jR/8yc49aEAlyQ4UXnZXyeO6MU5zBGkDAZmg9brnRSPzc+8MKPQ=="
    },
    "node_modules/utf8": {
      "version": "2.1.2",
      "resolved": "https://registry.npmjs.org/utf8/-/utf8-2.1.2.tgz",
      "integrity": "sha1-H6DZJw6b6FDZsFAn9jUZv0ZFfZY="
    },
    "node_modules/web3": {
      "version": "0.20.7",
      "resolved": "https://registry.npmjs.org/web3/-/web3-0.20.7.tgz",
      "integrity": "sha512-VU6/DSUX93d1fCzBz7WP/SGCQizO1rKZi4Px9j/3yRyfssHyFcZamMw2/sj4E8TlfMXONvZLoforR8B4bRoyTQ==",
      "dependencies": {
        "bignumber.js": "git+https://github.com/frozeman/bignumber.js-nolookahead.git",
        "crypto-js": "^3.1.4",
        "utf8": "^2.1.1",
        "xhr2-cookies": "^1.1.0",
        "xmlhttprequest": "*"
      }
    },
    "node_modules/xhr2-cookies": {
      "version": "1.1.0",
      "resolved": "https://registry.npmjs.org/xhr2-cookies/-/xhr2-cookies-1.1.0.tgz",
      "integrity": "sha1-fXdEnQmZGX8VXLc7I99yUF7YnUg=",
      "dependencies": {
        "cookiejar": "^2.1.1"
      }
    },
    "node_modules/xmlhttprequest": {
      "version": "1.8.0",
      "resolved": "https://registry.npmjs.org/xmlhttprequest/-/xmlhttprequest-1.8.0.tgz",
      "integrity": "sha1-Z/4HXFwk/vOfnWX197f+dRcZaPw=",
      "engines": {
        "node": ">=0.4.0"
      }
    }
  },
  "dependencies": {
    "bignumber.js": {
      "version": "git+ssh://git@github.com/frozeman/bignumber.js-nolookahead.git#57692b3ecfc98bbdd6b3a516cb2353652ea49934",
      "from": "bignumber.js@git+https://github.com/frozeman/bignumber.js-nolookahead.git"
    },
    "cookiejar": {
      "version": "2.1.2",
      "resolved": "https://registry.npmjs.org/cookiejar/-/cookiejar-2.1.2.tgz",
      "integrity": "sha512-Mw+adcfzPxcPeI+0WlvRrr/3lGVO0bD75SxX6811cxSh1Wbxx7xZBGK1eVtDf6si8rg2lhnUjsVLMFMfbRIuwA=="
    },
    "crypto-js": {
      "version": "3.3.0",
      "resolved": "https://registry.npmjs.org/crypto-js/-/crypto-js-3.3.0.tgz",
      "integrity": "sha512-DIT51nX0dCfKltpRiXV+/TVZq+Qq2NgF4644+K7Ttnla7zEzqc+kjJyiB96BHNyUTBxyjzRcZYpUdZa+QAqi6Q=="
    },
    "fortmatic": {
      "version": "2.2.1",
      "resolved": "https://registry.npmjs.org/fortmatic/-/fortmatic-2.2.1.tgz",
      "integrity": "sha512-PEfPoErJSErU2A8iYD2Mab2c8eJK5dCdCr1jR/8yc49aEAlyQ4UXnZXyeO6MU5zBGkDAZmg9brnRSPzc+8MKPQ=="
    },
    "utf8": {
      "version": "2.1.2",
      "resolved": "https://registry.npmjs.org/utf8/-/utf8-2.1.2.tgz",
      "integrity": "sha1-H6DZJw6b6FDZsFAn9jUZv0ZFfZY="
    },
    "web3": {
      "version": "0.20.7",
      "resolved": "https://registry.npmjs.org/web3/-/web3-0.20.7.tgz",
      "integrity": "sha512-VU6/DSUX93d1fCzBz7WP/SGCQizO1rKZi4Px9j/3yRyfssHyFcZamMw2/sj4E8TlfMXONvZLoforR8B4bRoyTQ==",
      "requires": {
        "bignumber.js": "git+https://github.com/frozeman/bignumber.js-nolookahead.git",
        "crypto-js": "^3.1.4",
        "utf8": "^2.1.1",
        "xhr2-cookies": "^1.1.0",
        "xmlhttprequest": "*"
      }
    },
    "xhr2-cookies": {
      "version": "1.1.0",
      "resolved": "https://registry.npmjs.org/xhr2-cookies/-/xhr2-cookies-1.1.0.tgz",
      "integrity": "sha1-fXdEnQmZGX8VXLc7I99yUF7YnUg=",
      "requires": {
        "cookiejar": "^2.1.1"
      }
    },
    "xmlhttprequest": {
      "version": "1.8.0",
      "resolved": "https://registry.npmjs.org/xmlhttprequest/-/xmlhttprequest-1.8.0.tgz",
      "integrity": "sha1-Z/4HXFwk/vOfnWX197f+dRcZaPw="
    }
  }
}
